
Microsoft Visual Studio Solution File, Format Version 12.00
# Visual Studio Version 17
VisualStudioVersion = 17.13.35919.96 d17.13
MinimumVisualStudioVersion = 10.0.40219.1
Project("{FAE04EC0-301F-11D3-BF4B-00C04F79EFBC}") = "ImageComments", "ImageComments.csproj", "{238AA623-FD44-4186-9CB5-C726AE7C2AEF}"
EndProject
Global
	GlobalSection(SolutionConfigurationPlatforms) = preSolution
		Debug|Any CPU = Debug|Any CPU
		Release|Any CPU = Release|Any CPU
	EndGlobalSection
	GlobalSection(ProjectConfigurationPlatforms) = postSolution
		{238AA623-FD44-4186-9CB5-C726AE7C2AEF}.Debug|Any CPU.ActiveCfg = Debug|Any CPU
		{238AA623-FD44-4186-9CB5-C726AE7C2AEF}.Debug|Any CPU.Build.0 = Debug|Any CPU
		{238AA623-FD44-4186-9CB5-C726AE7C2AEF}.Release|Any CPU.ActiveCfg = Release|Any CPU
		{238AA623-FD44-4186-9CB5-C726AE7C2AEF}.Release|Any CPU.Build.0 = Release|Any CPU
	EndGlobalSection
	GlobalSection(SolutionProperties) = preSolution
		HideSolutionNode = FALSE
	EndGlobalSection
	GlobalSection(ExtensibilityGlobals) = postSolution
		SolutionGuid = {192863F5-77A1-4949-8FFD-C070957BB531}
	EndGlobalSection
EndGlobal
